# THIS IS AN AUTOGENERATED FILE. DO NOT EDIT THIS FILE DIRECTLY.
# yarn lockfile v1


"@cloudflare/workers-types@^2.2.1":
  version "2.2.1"
  resolved "https://registry.yarnpkg.com/@cloudflare/workers-types/-/workers-types-2.2.1.tgz#a4fd7eda69e54769a5e4fa31b44947e1fe50d323"
  integrity sha512-gxI3CytBWzdtvQ7tu3I1biYN6QU18OInYKfOL5Twlbs4dRTx4ib5/2FrzwYaPFFfCg5ocy38aG1A/69satjXBQ==

"@lucas54neves/prettier-config@^1.0.1":
  version "1.0.1"
  resolved "https://registry.yarnpkg.com/@lucas54neves/prettier-config/-/prettier-config-1.0.1.tgz#753ec405f8c37e058d76269ac903fdafb13cc608"
  integrity sha512-NgLEEStH+7a/ZQ/nC9lXwPMUCJinwrHnHsvEx/b+1jtdpKvWfJJCgUGrBM+iFEb6PvQSlR51qjfJMrtVBt8O6Q==

"@types/node@^15.0.1":
  version "15.0.1"
  resolved "https://registry.yarnpkg.com/@types/node/-/node-15.0.1.tgz#ef34dea0881028d11398be5bf4e856743e3dc35a"
  integrity sha512-TMkXt0Ck1y0KKsGr9gJtWGjttxlZnnvDtphxUOSd0bfaR6Q1jle+sPvrzNR1urqYTWMinoKvjKfXUGsumaO1PA==

typescript@^4.2.4:
  version "4.2.4"
  resolved "https://registry.yarnpkg.com/typescript/-/typescript-4.2.4.tgz#8610b59747de028fda898a8aef0e103f156d0961"
  integrity sha512-V+evlYHZnQkaz8TRBuxTA92yZBPotr5H+WhQ7bD3hZUndx5tGOa1fuCgeSjxAzM1RiN5IzvadIXTVefuuwZCRg==
